lockfileVersion: '9.0'

settings:
  autoInstallPeers: true
  excludeLinksFromLockfile: false

importers:

  .:
    dependencies:
      '@prisma/client':
        specifier: ^7.6.0
        version: 7.6.0
      dotenv:
        specifier: ^17.4.0
        version: 17.4.0

packages:

  '@prisma/client-runtime-utils@7.6.0':
    resolution: {integrity: sha512-fD7jlqubsZvVODKvsp9lOpXVecx2aWGxC2l35Ioz2t+teUJ5CfR0SAMsi7UkU1VvaZmmm+DS6BdujF622nY7tQ==}

  '@prisma/client@7.6.0':
    resolution: {integrity: sha512-7Pe/1ayh3GgWPEg4mmT4ax77LJ1wC+XlnIFvQ94bLP2DsUnOpnruQQR3Jw7r+Frthk94QqDNxo3FjSg8h9PXeQ==}
    engines: {node: ^20.19 || ^22.12 || >=24.0}
    peerDependencies:
      prisma: '*'
      typescript: '>=5.4.0'
    peerDependenciesMeta:
      prisma:
        optional: true
      typescript:
        optional: true

  dotenv@17.4.0:
    resolution: {integrity: sha512-kCKF62fwtzwYm0IGBNjRUjtJgMfGapII+FslMHIjMR5KTnwEmBmWLDRSnc3XSNP8bNy34tekgQyDT0hr7pERRQ==}
    engines: {node: '>=12'}

snapshots:

  '@prisma/client-runtime-utils@7.6.0': {}

  '@prisma/client@7.6.0':
    dependencies:
      '@prisma/client-runtime-utils': 7.6.0

  dotenv@17.4.0: {}
